
Microsoft Visual Studio Solution File, Format Version 12.00
# Visual Studio 15
VisualStudioVersion = 15.0.27130.2026
MinimumVisualStudioVersion = 10.0.40219.1
Project("{FAE04EC0-301F-11D3-BF4B-00C04F79EFBC}") = "TableTennis.API", "TableTennis.API\TableTennis.API.csproj", "{ED9FF6D1-C722-47B9-A2EC-E23D8699FA51}"
EndProject
Project("{FAE04EC0-301F-11D3-BF4B-00C04F79EFBC}") = "TableTennis.Domain", "TableTennis.Domain\TableTennis.Domain.csproj", "{BF68106B-2815-4244-87F9-4434626F87FD}"
EndProject
Project("{FAE04EC0-301F-11D3-BF4B-00C04F79EFBC}") = "TableTennis.Tests", "TableTennis.Tests\TableTennis.Tests.csproj", "{74C9CDE0-4177-41BD-B189-3BCE91FCB408}"
EndProject
Global
	GlobalSection(SolutionConfigurationPlatforms) = preSolution
		Debug|Any CPU = Debug|Any CPU
		Release|Any CPU = Release|Any CPU
	EndGlobalSection
	GlobalSection(ProjectConfigurationPlatforms) = postSolution
		{ED9FF6D1-C722-47B9-A2EC-E23D8699FA51}.Debug|Any CPU.ActiveCfg = Debug|Any CPU
		{ED9FF6D1-C722-47B9-A2EC-E23D8699FA51}.Debug|Any CPU.Build.0 = Debug|Any CPU
		{ED9FF6D1-C722-47B9-A2EC-E23D8699FA51}.Release|Any CPU.ActiveCfg = Release|Any CPU
		{ED9FF6D1-C722-47B9-A2EC-E23D8699FA51}.Release|Any CPU.Build.0 = Release|Any CPU
		{BF68106B-2815-4244-87F9-4434626F87FD}.Debug|Any CPU.ActiveCfg = Debug|Any CPU
		{BF68106B-2815-4244-87F9-4434626F87FD}.Debug|Any CPU.Build.0 = Debug|Any CPU
		{BF68106B-2815-4244-87F9-4434626F87FD}.Release|Any CPU.ActiveCfg = Release|Any CPU
		{BF68106B-2815-4244-87F9-4434626F87FD}.Release|Any CPU.Build.0 = Release|Any CPU
		{74C9CDE0-4177-41BD-B189-3BCE91FCB408}.Debug|Any CPU.ActiveCfg = Debug|Any CPU
		{74C9CDE0-4177-41BD-B189-3BCE91FCB408}.Debug|Any CPU.Build.0 = Debug|Any CPU
		{74C9CDE0-4177-41BD-B189-3BCE91FCB408}.Release|Any CPU.ActiveCfg = Release|Any CPU
		{74C9CDE0-4177-41BD-B189-3BCE91FCB408}.Release|Any CPU.Build.0 = Release|Any CPU
	EndGlobalSection
	GlobalSection(SolutionProperties) = preSolution
		HideSolutionNode = FALSE
	EndGlobalSection
	GlobalSection(ExtensibilityGlobals) = postSolution
		SolutionGuid = {1DD37BF5-4A22-4447-B5E0-8E546FBFF7A7}
	EndGlobalSection
EndGlobal
